
Microsoft Visual Studio Solution File, Format Version 12.00
# Visual Studio Version 16
VisualStudioVersion = 16.0.30011.22
MinimumVisualStudioVersion = 10.0.40219.1
Project("{9A19103F-16F7-4668-BE54-9A1E7A4F7556}") = "SharpScript.LiveConsole", "SharpScript.LiveConsole\SharpScript.LiveConsole.csproj", "{3684483F-C638-4725-81C8-50207221BEF5}"
EndProject
Project("{2150E333-8FDC-42A3-9474-1A3956D46DE8}") = "Solution Items", "Solution Items", "{05151984-B489-4BF2-8148-51E776FC499C}"
	ProjectSection(SolutionItems) = preProject
		NuGet.Config = NuGet.Config
	EndProjectSection
EndProject
Global
	GlobalSection(SolutionConfigurationPlatforms) = preSolution
		Debug|Any CPU = Debug|Any CPU
		Release|Any CPU = Release|Any CPU
	EndGlobalSection
	GlobalSection(ProjectConfigurationPlatforms) = postSolution
		{3684483F-C638-4725-81C8-50207221BEF5}.Debug|Any CPU.ActiveCfg = Debug|Any CPU
		{3684483F-C638-4725-81C8-50207221BEF5}.Debug|Any CPU.Build.0 = Debug|Any CPU
		{3684483F-C638-4725-81C8-50207221BEF5}.Release|Any CPU.ActiveCfg = Release|Any CPU
		{3684483F-C638-4725-81C8-50207221BEF5}.Release|Any CPU.Build.0 = Release|Any CPU
	EndGlobalSection
	GlobalSection(SolutionProperties) = preSolution
		HideSolutionNode = FALSE
	EndGlobalSection
	GlobalSection(ExtensibilityGlobals) = postSolution
		SolutionGuid = {87FB1042-E604-45E8-B146-5D2CC0D12E23}
	EndGlobalSection
EndGlobal
